
Microsoft Visual Studio Solution File, Format Version 12.00
# Visual Studio 14
VisualStudioVersion = 14.0.25420.1
MinimumVisualStudioVersion = 10.0.40219.1
Project("{FAE04EC0-301F-11D3-BF4B-00C04F79EFBC}") = "Modul-223-Example", "Modul-223-Example\Modul-223-Example.csproj", "{BF1CAEFB-CB2B-47DB-8776-A773ED3D9D4A}"
EndProject
Project("{54435603-DBB4-11D2-8724-00A0C9A8B90C}") = "Modul-223-Example-Setup", "Modul-223-Example-Setup\Modul-223-Example-Setup.vdproj", "{A9D23E1A-439D-4E20-93A2-CFF5D03377E0}"
EndProject
Global
	GlobalSection(SolutionConfigurationPlatforms) = preSolution
		Debug|Any CPU = Debug|Any CPU
		Release|Any CPU = Release|Any CPU
	EndGlobalSection
	GlobalSection(ProjectConfigurationPlatforms) = postSolution
		{BF1CAEFB-CB2B-47DB-8776-A773ED3D9D4A}.Debug|Any CPU.ActiveCfg = Debug|Any CPU
		{BF1CAEFB-CB2B-47DB-8776-A773ED3D9D4A}.Debug|Any CPU.Build.0 = Debug|Any CPU
		{BF1CAEFB-CB2B-47DB-8776-A773ED3D9D4A}.Release|Any CPU.ActiveCfg = Release|Any CPU
		{BF1CAEFB-CB2B-47DB-8776-A773ED3D9D4A}.Release|Any CPU.Build.0 = Release|Any CPU
		{A9D23E1A-439D-4E20-93A2-CFF5D03377E0}.Debug|Any CPU.ActiveCfg = Debug
		{A9D23E1A-439D-4E20-93A2-CFF5D03377E0}.Release|Any CPU.ActiveCfg = Release
	EndGlobalSection
	GlobalSection(SolutionProperties) = preSolution
		HideSolutionNode = FALSE
	EndGlobalSection
EndGlobal
